
Microsoft Visual Studio Solution File, Format Version 12.00
# Visual Studio 2013
VisualStudioVersion = 12.0.21005.1
MinimumVisualStudioVersion = 10.0.40219.1
Project("{FAE04EC0-301F-11D3-BF4B-00C04F79EFBC}") = "vITs", "vITs\vITs.csproj", "{709C3095-85C5-4FB5-A70A-7B5DCD889DDB}"
EndProject
Project("{FAE04EC0-301F-11D3-BF4B-00C04F79EFBC}") = "DAL", "DAL\DAL.csproj", "{6B33037B-1BF3-4023-B2B1-92FE1055CFFF}"
EndProject
Global
	GlobalSection(SolutionConfigurationPlatforms) = preSolution
		Debug|Any CPU = Debug|Any CPU
		Release|Any CPU = Release|Any CPU
	EndGlobalSection
	GlobalSection(ProjectConfigurationPlatforms) = postSolution
		{709C3095-85C5-4FB5-A70A-7B5DCD889DDB}.Debug|Any CPU.ActiveCfg = Debug|Any CPU
		{709C3095-85C5-4FB5-A70A-7B5DCD889DDB}.Debug|Any CPU.Build.0 = Debug|Any CPU
		{709C3095-85C5-4FB5-A70A-7B5DCD889DDB}.Release|Any CPU.ActiveCfg = Release|Any CPU
		{709C3095-85C5-4FB5-A70A-7B5DCD889DDB}.Release|Any CPU.Build.0 = Release|Any CPU
		{6B33037B-1BF3-4023-B2B1-92FE1055CFFF}.Debug|Any CPU.ActiveCfg = Debug|Any CPU
		{6B33037B-1BF3-4023-B2B1-92FE1055CFFF}.Debug|Any CPU.Build.0 = Debug|Any CPU
		{6B33037B-1BF3-4023-B2B1-92FE1055CFFF}.Release|Any CPU.ActiveCfg = Release|Any CPU
		{6B33037B-1BF3-4023-B2B1-92FE1055CFFF}.Release|Any CPU.Build.0 = Release|Any CPU
	EndGlobalSection
	GlobalSection(SolutionProperties) = preSolution
		HideSolutionNode = FALSE
	EndGlobalSection
EndGlobal
